
Microsoft Visual Studio Solution File, Format Version 12.00
# Visual Studio Version 17
VisualStudioVersion = 17.5.33516.290
MinimumVisualStudioVersion = 10.0.40219.1
Project("{9A19103F-16F7-4668-BE54-9A1E7A4F7556}") = "picturedatabase-api", "..\api\picturedatabase-api\picturedatabase-api\picturedatabase-api.csproj", "{89819BDD-D180-4609-88A4-2FEFEFAE5A5E}"
EndProject
Project("{9A19103F-16F7-4668-BE54-9A1E7A4F7556}") = "picturedatabase-website", "..\frontend\picturedatabase-website\picturedatabase-website\picturedatabase-website.csproj", "{02A05224-0E94-4BD2-9E78-D94B813AA6AB}"
EndProject
Project("{9A19103F-16F7-4668-BE54-9A1E7A4F7556}") = "picturedatabase-greyscale", "..\greyscale\picturedatabase-greyscale\picturedatabase-greyscale\picturedatabase-greyscale.csproj", "{AA47EAEF-F752-4285-87DA-EEF154EEA16F}"
EndProject
Project("{9A19103F-16F7-4668-BE54-9A1E7A4F7556}") = "picturedatabase-thumbnail", "..\thumbnail\picturedatabase-thumbnail\picturedatabase-thumbnail\picturedatabase-thumbnail.csproj", "{AB62245B-4559-456C-8953-0B036AA80C4D}"
EndProject
Project("{FAE04EC0-301F-11D3-BF4B-00C04F79EFBC}") = "compose", "compose\compose.csproj", "{A0009F00-D9D7-40CF-B08A-8BD061FB8795}"
EndProject
Global
	GlobalSection(SolutionConfigurationPlatforms) = preSolution
		Debug|Any CPU = Debug|Any CPU
		Release|Any CPU = Release|Any CPU
	EndGlobalSection
	GlobalSection(ProjectConfigurationPlatforms) = postSolution
		{89819BDD-D180-4609-88A4-2FEFEFAE5A5E}.Debug|Any CPU.ActiveCfg = Debug|Any CPU
		{89819BDD-D180-4609-88A4-2FEFEFAE5A5E}.Debug|Any CPU.Build.0 = Debug|Any CPU
		{89819BDD-D180-4609-88A4-2FEFEFAE5A5E}.Release|Any CPU.ActiveCfg = Release|Any CPU
		{89819BDD-D180-4609-88A4-2FEFEFAE5A5E}.Release|Any CPU.Build.0 = Release|Any CPU
		{02A05224-0E94-4BD2-9E78-D94B813AA6AB}.Debug|Any CPU.ActiveCfg = Debug|Any CPU
		{02A05224-0E94-4BD2-9E78-D94B813AA6AB}.Debug|Any CPU.Build.0 = Debug|Any CPU
		{02A05224-0E94-4BD2-9E78-D94B813AA6AB}.Release|Any CPU.ActiveCfg = Release|Any CPU
		{02A05224-0E94-4BD2-9E78-D94B813AA6AB}.Release|Any CPU.Build.0 = Release|Any CPU
		{AA47EAEF-F752-4285-87DA-EEF154EEA16F}.Debug|Any CPU.ActiveCfg = Debug|Any CPU
		{AA47EAEF-F752-4285-87DA-EEF154EEA16F}.Debug|Any CPU.Build.0 = Debug|Any CPU
		{AA47EAEF-F752-4285-87DA-EEF154EEA16F}.Release|Any CPU.ActiveCfg = Release|Any CPU
		{AA47EAEF-F752-4285-87DA-EEF154EEA16F}.Release|Any CPU.Build.0 = Release|Any CPU
		{AB62245B-4559-456C-8953-0B036AA80C4D}.Debug|Any CPU.ActiveCfg = Debug|Any CPU
		{AB62245B-4559-456C-8953-0B036AA80C4D}.Debug|Any CPU.Build.0 = Debug|Any CPU
		{AB62245B-4559-456C-8953-0B036AA80C4D}.Release|Any CPU.ActiveCfg = Release|Any CPU
		{AB62245B-4559-456C-8953-0B036AA80C4D}.Release|Any CPU.Build.0 = Release|Any CPU
		{A0009F00-D9D7-40CF-B08A-8BD061FB8795}.Debug|Any CPU.ActiveCfg = Debug|Any CPU
		{A0009F00-D9D7-40CF-B08A-8BD061FB8795}.Debug|Any CPU.Build.0 = Debug|Any CPU
		{A0009F00-D9D7-40CF-B08A-8BD061FB8795}.Release|Any CPU.ActiveCfg = Release|Any CPU
		{A0009F00-D9D7-40CF-B08A-8BD061FB8795}.Release|Any CPU.Build.0 = Release|Any CPU
	EndGlobalSection
	GlobalSection(SolutionProperties) = preSolution
		HideSolutionNode = FALSE
	EndGlobalSection
	GlobalSection(ExtensibilityGlobals) = postSolution
		SolutionGuid = {74D78D25-449B-4977-A145-A3622610B052}
	EndGlobalSection
EndGlobal
