
Microsoft Visual Studio Solution File, Format Version 12.00
# Visual Studio Version 17
VisualStudioVersion = 17.5.33516.290
MinimumVisualStudioVersion = 10.0.40219.1
Project("{FAE04EC0-301F-11D3-BF4B-00C04F79EFBC}") = "picturedatabase-website", "picturedatabase-website\picturedatabase-website.csproj", "{7FB8ADE5-28EA-4003-A1E5-4853C3E15E4D}"
EndProject
Global
	GlobalSection(SolutionConfigurationPlatforms) = preSolution
		Debug|Any CPU = Debug|Any CPU
		Release|Any CPU = Release|Any CPU
	EndGlobalSection
	GlobalSection(ProjectConfigurationPlatforms) = postSolution
		{7FB8ADE5-28EA-4003-A1E5-4853C3E15E4D}.Debug|Any CPU.ActiveCfg = Debug|Any CPU
		{7FB8ADE5-28EA-4003-A1E5-4853C3E15E4D}.Debug|Any CPU.Build.0 = Debug|Any CPU
		{7FB8ADE5-28EA-4003-A1E5-4853C3E15E4D}.Release|Any CPU.ActiveCfg = Release|Any CPU
		{7FB8ADE5-28EA-4003-A1E5-4853C3E15E4D}.Release|Any CPU.Build.0 = Release|Any CPU
	EndGlobalSection
	GlobalSection(SolutionProperties) = preSolution
		HideSolutionNode = FALSE
	EndGlobalSection
	GlobalSection(ExtensibilityGlobals) = postSolution
		SolutionGuid = {F90A4DFE-B93A-45A0-9FC1-0357096178E1}
	EndGlobalSection
EndGlobal
